
Microsoft Visual Studio Solution File, Format Version 12.00
# Visual Studio Version 17
VisualStudioVersion = 17.13.35931.197 d17.13
MinimumVisualStudioVersion = 10.0.40219.1
Project("{FAE04EC0-301F-11D3-BF4B-00C04F79EFBC}") = "S00251319OODExamMay2025", "S00251319OODExamMay2025\S00251319OODExamMay2025.csproj", "{4E07869F-A748-4056-B863-58093A4F5130}"
EndProject
Global
	GlobalSection(SolutionConfigurationPlatforms) = preSolution
		Debug|Any CPU = Debug|Any CPU
		Release|Any CPU = Release|Any CPU
	EndGlobalSection
	GlobalSection(ProjectConfigurationPlatforms) = postSolution
		{4E07869F-A748-4056-B863-58093A4F5130}.Debug|Any CPU.ActiveCfg = Debug|Any CPU
		{4E07869F-A748-4056-B863-58093A4F5130}.Debug|Any CPU.Build.0 = Debug|Any CPU
		{4E07869F-A748-4056-B863-58093A4F5130}.Release|Any CPU.ActiveCfg = Release|Any CPU
		{4E07869F-A748-4056-B863-58093A4F5130}.Release|Any CPU.Build.0 = Release|Any CPU
	EndGlobalSection
	GlobalSection(SolutionProperties) = preSolution
		HideSolutionNode = FALSE
	EndGlobalSection
	GlobalSection(ExtensibilityGlobals) = postSolution
		SolutionGuid = {84D89DED-7C5A-41A2-9748-44088346889F}
	EndGlobalSection
EndGlobal
